// !$*UTF8*$!
{
	archiveVersion = 1;
	classes = {
	};
	objectVersion = 46;
	objects = {

/* Begin PBXBuildFile section */
		1A05ADA71E54CC2E00B5B8AB /* AppDelegate.swift in Sources */ = {isa = PBXBuildFile; fileRef = 1A05ADA61E54CC2E00B5B8AB /* AppDelegate.swift */; };
		1A05ADA91E54CC2E00B5B8AB /* ViewController.swift in Sources */ = {isa = PBXBuildFile; fileRef = 1A05ADA81E54CC2E00B5B8AB /* ViewController.swift */; };
		1A05ADAC1E54CC2E00B5B8AB /* Main.storyboard in Resources */ = {isa = PBXBuildFile; fileRef = 1A05ADAA1E54CC2E00B5B8AB /* Main.storyboard */; };
		1A05ADAE1E54CC2E00B5B8AB /* Assets.xcassets in Resources */ = {isa = PBXBuildFile; fileRef = 1A05ADAD1E54CC2E00B5B8AB /* Assets.xcassets */; };
		1A05ADB11E54CC2E00B5B8AB /* LaunchScreen.storyboard in Resources */ = {isa = PBXBuildFile; fileRef = 1A05ADAF1E54CC2E00B5B8AB /* LaunchScreen.storyboard */; };
		1AD831FC1E79D368009D760C /* DefinitionForViewController.swift in Sources */ = {isa = PBXBuildFile; fileRef = 1AD831FB1E79D368009D760C /* DefinitionForViewController.swift */; };
/* End PBXBuildFile section */

/* Begin PBXFileReference section */
		1A05ADA31E54CC2E00B5B8AB /* Emoji Dictionary.app */ = {isa = PBXFileReference; explicitFileType = wrapper.application; includeInIndex = 0; path = "Emoji Dictionary.app"; sourceTree = BUILT_PRODUCTS_DIR; };
		1A05ADA61E54CC2E00B5B8AB /* AppDelegate.swift */ = {isa = PBXFileReference; lastKnownFileType = sourcecode.swift; path = AppDelegate.swift; sourceTree = "<group>"; };
		1A05ADA81E54CC2E00B5B8AB /* ViewController.swift */ = {isa = PBXFileReference; lastKnownFileType = sourcecode.swift; path = ViewController.swift; sourceTree = "<group>"; };
		1A05ADAB1E54CC2E00B5B8AB /* Base */ = {isa = PBXFileReference; lastKnownFileType = file.storyboard; name = Base; path = Base.lproj/Main.storyboard; sourceTree = "<group>"; };
		1A05ADAD1E54CC2E00B5B8AB /* Assets.xcassets */ = {isa = PBXFileReference; lastKnownFileType = folder.assetcatalog; path = Assets.xcassets; sourceTree = "<group>"; };
		1A05ADB01E54CC2E00B5B8AB /* Base */ = {isa = PBXFileReference; lastKnownFileType = file.storyboard; name = Base; path = Base.lproj/LaunchScreen.storyboard; sourceTree = "<group>"; };
		1A05ADB21E54CC2E00B5B8AB /* Info.plist */ = {isa = PBXFileReference; lastKnownFileType = text.plist.xml; path = Info.plist; sourceTree = "<group>"; };
		1AD831FB1E79D368009D760C /* DefinitionForViewController.swift */ = {isa = PBXFileReference; fileEncoding = 4; lastKnownFileType = sourcecode.swift; path = DefinitionForViewController.swift; sourceTree = "<group>"; };
/* End PBXFileReference section */

/* Begin PBXFrameworksBuildPhase section */
		1A05ADA01E54CC2E00B5B8AB /* Frameworks */ = {
			isa = PBXFrameworksBuildPhase;
			buildActionMask = 2147483647;
			files = (
			);
			runOnlyForDeploymentPostprocessing = 0;
		};
/* End PBXFrameworksBuildPhase section */

/* Begin PBXGroup section */
		1A05AD9A1E54CC2E00B5B8AB = {
			isa = PBXGroup;
			children = (
				1A05ADA51E54CC2E00B5B8AB /* Emoji Dictionary */,
				1A05ADA41E54CC2E00B5B8AB /* Products */,
			);
			sourceTree = "<group>";
		};
		1A05ADA41E54CC2E00B5B8AB /* Products */ = {
			isa = PBXGroup;
			children = (
				1A05ADA31E54CC2E00B5B8AB /* Emoji Dictionary.app */,
			);
			name = Products;
			sourceTree = "<group>";
		};
		1A05ADA51E54CC2E00B5B8AB /* Emoji Dictionary */ = {
			isa = PBXGroup;
			children = (
				1A05ADA61E54CC2E00B5B8AB /* AppDelegate.swift */,
				1A05ADA81E54CC2E00B5B8AB /* ViewController.swift */,
				1AD831FB1E79D368009D760C /* DefinitionForViewController.swift */,
				1A05ADAA1E54CC2E00B5B8AB /* Main.storyboard */,
				1A05ADAD1E54CC2E00B5B8AB /* Assets.xcassets */,
				1A05ADAF1E54CC2E00B5B8AB /* LaunchScreen.storyboard */,
				1A05ADB21E54CC2E00B5B8AB /* Info.plist */,
			);
			path = "Emoji Dictionary";
			sourceTree = "<group>";
		};
/* End PBXGroup section */

/* Begin PBXNativeTarget section */
		1A05ADA21E54CC2E00B5B8AB /* Emoji Dictionary */ = {
			isa = PBXNativeTarget;
			buildConfigurationList = 1A05ADB51E54CC2E00B5B8AB /* Build configuration list for PBXNativeTarget "Emoji Dictionary" */;
			buildPhases = (
				1A05AD9F1E54CC2E00B5B8AB /* Sources */,
				1A05ADA01E54CC2E00B5B8AB /* Frameworks */,
				1A05ADA11E54CC2E00B5B8AB /* Resources */,
			);
			buildRules = (
			);
			dependencies = (
			);
			name = "Emoji Dictionary";
			productName = "Emoji Dictionary";
			productReference = 1A05ADA31E54CC2E00B5B8AB /* Emoji Dictionary.app */;
			productType = "com.apple.product-type.application";
		};
/* End PBXNativeTarget section */

/* Begin PBXProject section */
		1A05AD9B1E54CC2E00B5B8AB /* Project object */ = {
			isa = PBXProject;
			attributes = {
				LastSwiftUpdateCheck = 0820;
				LastUpgradeCheck = 0820;
				ORGANIZATIONNAME = "Crap App";
				TargetAttributes = {
					1A05ADA21E54CC2E00B5B8AB = {
						CreatedOnToolsVersion = 8.2;
						ProvisioningStyle = Automatic;
					};
				};
			};
			buildConfigurationList = 1A05AD9E1E54CC2E00B5B8AB /* Build configuration list for PBXProject "Emoji Dictionary" */;
			compatibilityVersion = "Xcode 3.2";
			developmentRegion = English;
			hasScannedForEncodings = 0;
			knownRegions = (
				en,
				Base,
			);
			mainGroup = 1A05AD9A1E54CC2E00B5B8AB;
			productRefGroup = 1A05ADA41E54CC2E00B5B8AB /* Products */;
			projectDirPath = "";
			projectRoot = "";
			targets = (
				1A05ADA21E54CC2E00B5B8AB /* Emoji Dictionary */,
			);
		};
/* End PBXProject section */

/* Begin PBXResourcesBuildPhase section */
		1A05ADA11E54CC2E00B5B8AB /* Resources */ = {
			isa = PBXResourcesBuildPhase;
			buildActionMask = 2147483647;
			files = (
				1A05ADB11E54CC2E00B5B8AB /* LaunchScreen.storyboard in Resources */,
				1A05ADAE1E54CC2E00B5B8AB /* Assets.xcassets in Resources */,
				1A05ADAC1E54CC2E00B5B8AB /* Main.storyboard in Resources */,
			);
			runOnlyForDeploymentPostprocessing = 0;
		};
/* End PBXResourcesBuildPhase section */

/* Begin PBXSourcesBuildPhase section */
		1A05AD9F1E54CC2E00B5B8AB /* Sources */ = {
			isa = PBXSourcesBuildPhase;
			buildActionMask = 2147483647;
			files = (
				1A05ADA91E54CC2E00B5B8AB /* ViewController.swift in Sources */,
				1A05ADA71E54CC2E00B5B8AB /* AppDelegate.swift in Sources */,
				1AD831FC1E79D368009D760C /* DefinitionForViewController.swift in Sources */,
			);
			runOnlyForDeploymentPostprocessing = 0;
		};
/* End PBXSourcesBuildPhase section */

/* Begin PBXVariantGroup section */
		1A05ADAA1E54CC2E00B5B8AB /* Main.storyboard */ = {
			isa = PBXVariantGroup;
			children = (
				1A05ADAB1E54CC2E00B5B8AB /* Base */,
			);
			name = Main.storyboard;
			sourceTree = "<group>";
		};
		1A05ADAF1E54CC2E00B5B8AB /* LaunchScreen.storyboard */ = {
			isa = PBXVariantGroup;
			children = (
				1A05ADB01E54CC2E00B5B8AB /* Base */,
			);
			name = LaunchScreen.storyboard;
			sourceTree = "<group>";
		};
/* End PBXVariantGroup section */

/* Begin XCBuildConfiguration section */
		1A05ADB31E54CC2E00B5B8AB /* Debug */ = {
			isa = XCBuildConfiguration;
			buildSettings = {
				ALWAYS_SEARCH_USER_PATHS = NO;
				CLANG_ANALYZER_NONNULL = YES;
				CLANG_CXX_LANGUAGE_STANDARD = "gnu++0x";
				CLANG_CXX_LIBRARY = "libc++";
				CLANG_ENABLE_MODULES = YES;
				CLANG_ENABLE_OBJC_ARC = YES;
				CLANG_WARN_BOOL_CONVERSION = YES;
				CLANG_WARN_CONSTANT_CONVERSION = YES;
				CLANG_WARN_DIRECT_OBJC_ISA_USAGE = YES_ERROR;
				CLANG_WARN_DOCUMENTATION_COMMENTS = YES;
				CLANG_WARN_EMPTY_BODY = YES;
				CLANG_WARN_ENUM_CONVERSION = YES;
				CLANG_WARN_INFINITE_RECURSION = YES;
				CLANG_WARN_INT_CONVERSION = YES;
				CLANG_WARN_OBJC_ROOT_CLASS = YES_ERROR;
				CLANG_WARN_SUSPICIOUS_MOVE = YES;
				CLANG_WARN_UNREACHABLE_CODE = YES;
				CLANG_WARN__DUPLICATE_METHOD_MATCH = YES;
				"CODE_SIGN_IDENTITY[sdk=iphoneos*]" = "iPhone Developer";
				COPY_PHASE_STRIP = NO;
				DEBUG_INFORMATION_FORMAT = dwarf;
				ENABLE_STRICT_OBJC_MSGSEND = YES;
				ENABLE_TESTABILITY = YES;
				GCC_C_LANGUAGE_STANDARD = gnu99;
				GCC_DYNAMIC_NO_PIC = NO;
				GCC_NO_COMMON_BLOCKS = YES;
				GCC_OPTIMIZATION_LEVEL = 0;
				GCC_PREPROCESSOR_DEFINITIONS = (
					"DEBUG=1",
					"$(inherited)",
				);
				GCC_WARN_64_TO_32_BIT_CONVERSION = YES;
				GCC_WARN_ABOUT_RETURN_TYPE = YES_ERROR;
				GCC_WARN_UNDECLARED_SELECTOR = YES;
				GCC_WARN_UNINITIALIZED_AUTOS = YES_AGGRESSIVE;
				GCC_WARN_UNUSED_FUNCTION = YES;
				GCC_WARN_UNUSED_VARIABLE = YES;
				IPHONEOS_DEPLOYMENT_TARGET = 10.2;
				MTL_ENABLE_DEBUG_INFO = YES;
				ONLY_ACTIVE_ARCH = YES;
				SDKROOT = iphoneos;
				SWIFT_ACTIVE_COMPILATION_CONDITIONS = DEBUG;
				SWIFT_OPTIMIZATION_LEVEL = "-Onone";
				TARGETED_DEVICE_FAMILY = "1,2";
			};
			name = Debug;
		};
		1A05ADB41E54CC2E00B5B8AB /* Release */ = {
			isa = XCBuildConfiguration;
			buildSettings = {
				ALWAYS_SEARCH_USER_PATHS = NO;
				CLANG_ANALYZER_NONNULL = YES;
				CLANG_CXX_LANGUAGE_STANDARD = "gnu++0x";
				CLANG_CXX_LIBRARY = "libc++";
				CLANG_ENABLE_MODULES = YES;
				CLANG_ENABLE_OBJC_ARC = YES;
				CLANG_WARN_BOOL_CONVERSION = YES;
				CLANG_WARN_CONSTANT_CONVERSION = YES;
				CLANG_WARN_DIRECT_OBJC_ISA_USAGE = YES_ERROR;
				CLANG_WARN_DOCUMENTATION_COMMENTS = YES;
				CLANG_WARN_EMPTY_BODY = YES;
				CLANG_WARN_ENUM_CONVERSION = YES;
				CLANG_WARN_INFINITE_RECURSION = YES;
				CLANG_WARN_INT_CONVERSION = YES;
				CLANG_WARN_OBJC_ROOT_CLASS = YES_ERROR;
				CLANG_WARN_SUSPICIOUS_MOVE = YES;
				CLANG_WARN_UNREACHABLE_CODE = YES;
				CLANG_WARN__DUPLICATE_METHOD_MATCH = YES;
				"CODE_SIGN_IDENTITY[sdk=iphoneos*]" = "iPhone Developer";
				COPY_PHASE_STRIP = NO;
				DEBUG_INFORMATION_FORMAT = "dwarf-with-dsym";
				ENABLE_NS_ASSERTIONS = NO;
				ENABLE_STRICT_OBJC_MSGSEND = YES;
				GCC_C_LANGUAGE_STANDARD = gnu99;
				GCC_NO_COMMON_BLOCKS = YES;
				GCC_WARN_64_TO_32_BIT_CONVERSION = YES;
				GCC_WARN_ABOUT_RETURN_TYPE = YES_ERROR;
				GCC_WARN_UNDECLARED_SELECTOR = YES;
				GCC_WARN_UNINITIALIZED_AUTOS = YES_AGGRESSIVE;
				GCC_WARN_UNUSED_FUNCTION = YES;
				GCC_WARN_UNUSED_VARIABLE = YES;
				IPHONEOS_DEPLOYMENT_TARGET = 10.2;
				MTL_ENABLE_DEBUG_INFO = NO;
				SDKROOT = iphoneos;
				SWIFT_OPTIMIZATION_LEVEL = "-Owholemodule";
				TARGETED_DEVICE_FAMILY = "1,2";
				VALIDATE_PRODUCT = YES;
			};
			name = Release;
		};
		1A05ADB61E54CC2E00B5B8AB /* Debug */ = {
			isa = XCBuildConfiguration;
			buildSettings = {
				ASSETCATALOG_COMPILER_APPICON_NAME = AppIcon;
				INFOPLIST_FILE = "Emoji Dictionary/Info.plist";
				LD_RUNPATH_SEARCH_PATHS = "$(inherited) @executable_path/Frameworks";
				PRODUCT_BUNDLE_IDENTIFIER = "com.crapApp.Emoji-Dictionary";
				PRODUCT_NAME = "$(TARGET_NAME)";
				SWIFT_VERSION = 3.0;
			};
			name = Debug;
		};
		1A05ADB71E54CC2E00B5B8AB /* Release */ = {
			isa = XCBuildConfiguration;
			buildSettings = {
				ASSETCATALOG_COMPILER_APPICON_NAME = AppIcon;
				INFOPLIST_FILE = "Emoji Dictionary/Info.plist";
				LD_RUNPATH_SEARCH_PATHS = "$(inherited) @executable_path/Frameworks";
				PRODUCT_BUNDLE_IDENTIFIER = "com.crapApp.Emoji-Dictionary";
				PRODUCT_NAME = "$(TARGET_NAME)";
				SWIFT_VERSION = 3.0;
			};
			name = Release;
		};
/* End XCBuildConfiguration section */

/* Begin XCConfigurationList section */
		1A05AD9E1E54CC2E00B5B8AB /* Build configuration list for PBXProject "Emoji Dictionary" */ = {
			isa = XCConfigurationList;
			buildConfigurations = (
				1A05ADB31E54CC2E00B5B8AB /* Debug */,
				1A05ADB41E54CC2E00B5B8AB /* Release */,
			);
			defaultConfigurationIsVisible = 0;
			defaultConfigurationName = Release;
		};
		1A05ADB51E54CC2E00B5B8AB /* Build configuration list for PBXNativeTarget "Emoji Dictionary" */ = {
			isa = XCConfigurationList;
			buildConfigurations = (
				1A05ADB61E54CC2E00B5B8AB /* Debug */,
				1A05ADB71E54CC2E00B5B8AB /* Release */,
			);
			defaultConfigurationIsVisible = 0;
			defaultConfigurationName = Release;
		};
/* End XCConfigurationList section */
	};
	rootObject = 1A05AD9B1E54CC2E00B5B8AB /* Project object */;
}
